{
    "version": 3,
    "terraform_version": "0.11.7",
    "serial": 38,
    "lineage": "0ad750d3-8516-4d20-0996-d769993bd5d7",
    "modules": [
        {
            "path": [
                "root"
            ],
            "outputs": {
                "public ip of sample-docker-instance-a": {
                    "sensitive": false,
                    "type": "list",
                    "value": [
                        "54.64.114.249",
                        "54.199.218.157",
                        "sample-docker-alb-1858665661.ap-northeast-1.elb.amazonaws.com"
                    ]
                }
            },
            "resources": {
                "aws_alb.sample-docker-alb": {
                    "type": "aws_alb",
                    "depends_on": [
                        "aws_security_group.ecs-sevurity-group",
                        "aws_subnet.ecs-subnet-a",
                        "aws_subnet.ecs-subnet-c"
                    ],
                    "primary": {
                        "id": "arn:aws:elasticloadbalancing:ap-northeast-1:803830764519:loadbalancer/app/sample-docker-alb/1028dc962fcb02c7",
                        "attributes": {
                            "access_logs.#": "0",
                            "arn": "arn:aws:elasticloadbalancing:ap-northeast-1:803830764519:loadbalancer/app/sample-docker-alb/1028dc962fcb02c7",
                            "arn_suffix": "app/sample-docker-alb/1028dc962fcb02c7",
                            "dns_name": "sample-docker-alb-1858665661.ap-northeast-1.elb.amazonaws.com",
                            "enable_deletion_protection": "false",
                            "enable_http2": "true",
                            "id": "arn:aws:elasticloadbalancing:ap-northeast-1:803830764519:loadbalancer/app/sample-docker-alb/1028dc962fcb02c7",
                            "idle_timeout": "60",
                            "internal": "false",
                            "ip_address_type": "ipv4",
                            "load_balancer_type": "application",
                            "name": "sample-docker-alb",
                            "security_groups.#": "1",
                            "security_groups.1216708507": "sg-0140a75f1d76f9f06",
                            "subnet_mapping.#": "0",
                            "subnets.#": "2",
                            "subnets.1253682448": "subnet-090b430d7e367b374",
                            "subnets.609622911": "subnet-089713dce087590b8",
                            "tags.%": "0",
                            "vpc_id": "vpc-0859767abe6e31d9d",
                            "zone_id": "Z14GRHDCWA56QT"
                        },
                        "meta": {
                            "e2bfb730-ecaa-11e6-8f88-34363bc7c4c0": {
                                "create": 600000000000,
                                "delete": 600000000000,
                                "update": 600000000000
                            }
                        },
                        "tainted": false
                    },
                    "deposed": [],
                    "provider": "provider.aws"
                },
                "aws_alb_listener.sample-docker-alb-listener": {
                    "type": "aws_alb_listener",
                    "depends_on": [
                        "aws_alb.sample-docker-alb",
                        "aws_alb_target_group.sample-docker-tartget-group"
                    ],
                    "primary": {
                        "id": "arn:aws:elasticloadbalancing:ap-northeast-1:803830764519:listener/app/sample-docker-alb/1028dc962fcb02c7/c8dabe5523905d6c",
                        "attributes": {
                            "arn": "arn:aws:elasticloadbalancing:ap-northeast-1:803830764519:listener/app/sample-docker-alb/1028dc962fcb02c7/c8dabe5523905d6c",
                            "default_action.#": "1",
                            "default_action.0.target_group_arn": "arn:aws:elasticloadbalancing:ap-northeast-1:803830764519:targetgroup/sample-docker-tartget-group/2058c846ae4b9a3f",
                            "default_action.0.type": "forward",
                            "id": "arn:aws:elasticloadbalancing:ap-northeast-1:803830764519:listener/app/sample-docker-alb/1028dc962fcb02c7/c8dabe5523905d6c",
                            "load_balancer_arn": "arn:aws:elasticloadbalancing:ap-northeast-1:803830764519:loadbalancer/app/sample-docker-alb/1028dc962fcb02c7",
                            "port": "80",
                            "protocol": "HTTP",
                            "ssl_policy": ""
                        },
                        "meta": {},
                        "tainted": false
                    },
                    "deposed": [],
                    "provider": "provider.aws"
                },
                "aws_alb_target_group.sample-docker-tartget-group": {
                    "type": "aws_alb_target_group",
                    "depends_on": [
                        "aws_vpc.sample-ecs"
                    ],
                    "primary": {
                        "id": "arn:aws:elasticloadbalancing:ap-northeast-1:803830764519:targetgroup/sample-docker-tartget-group/2058c846ae4b9a3f",
                        "attributes": {
                            "arn": "arn:aws:elasticloadbalancing:ap-northeast-1:803830764519:targetgroup/sample-docker-tartget-group/2058c846ae4b9a3f",
                            "arn_suffix": "targetgroup/sample-docker-tartget-group/2058c846ae4b9a3f",
                            "deregistration_delay": "300",
                            "health_check.#": "1",
                            "health_check.0.healthy_threshold": "5",
                            "health_check.0.interval": "30",
                            "health_check.0.matcher": "200",
                            "health_check.0.path": "/",
                            "health_check.0.port": "traffic-port",
                            "health_check.0.protocol": "HTTP",
                            "health_check.0.timeout": "5",
                            "health_check.0.unhealthy_threshold": "2",
                            "id": "arn:aws:elasticloadbalancing:ap-northeast-1:803830764519:targetgroup/sample-docker-tartget-group/2058c846ae4b9a3f",
                            "name": "sample-docker-tartget-group",
                            "port": "80",
                            "protocol": "HTTP",
                            "proxy_protocol_v2": "false",
                            "slow_start": "0",
                            "stickiness.#": "1",
                            "stickiness.0.cookie_duration": "86400",
                            "stickiness.0.enabled": "false",
                            "stickiness.0.type": "lb_cookie",
                            "tags.%": "0",
                            "target_type": "instance",
                            "vpc_id": "vpc-0859767abe6e31d9d"
                        },
                        "meta": {},
                        "tainted": false
                    },
                    "deposed": [],
                    "provider": "provider.aws"
                },
                "aws_ebs_volume.jenkins_ebs": {
                    "type": "aws_ebs_volume",
                    "depends_on": [],
                    "primary": {
                        "id": "vol-053ae9e2e72dbfa5e",
                        "attributes": {
                            "arn": "arn:aws:ec2:ap-northeast-1:803830764519:volume/vol-053ae9e2e72dbfa5e",
                            "availability_zone": "ap-northeast-1a",
                            "encrypted": "false",
                            "id": "vol-053ae9e2e72dbfa5e",
                            "size": "40",
                            "snapshot_id": "",
                            "tags.%": "1",
                            "tags.Name": "sample-ebs",
                            "type": "standard"
                        },
                        "meta": {},
                        "tainted": false
                    },
                    "deposed": [],
                    "provider": "provider.aws"
                },
                "aws_ecs_cluster.sample-cluster": {
                    "type": "aws_ecs_cluster",
                    "depends_on": [],
                    "primary": {
                        "id": "arn:aws:ecs:ap-northeast-1:803830764519:cluster/sample-cluster",
                        "attributes": {
                            "arn": "arn:aws:ecs:ap-northeast-1:803830764519:cluster/sample-cluster",
                            "id": "arn:aws:ecs:ap-northeast-1:803830764519:cluster/sample-cluster",
                            "name": "sample-cluster"
                        },
                        "meta": {},
                        "tainted": false
                    },
                    "deposed": [],
                    "provider": "provider.aws"
                },
                "aws_ecs_service.sample-service": {
                    "type": "aws_ecs_service",
                    "depends_on": [
                        "aws_alb_listener.sample-docker-alb-listener",
                        "aws_alb_target_group.sample-docker-tartget-group",
                        "aws_ecs_cluster.sample-cluster",
                        "aws_ecs_task_definition.sample-task"
                    ],
                    "primary": {
                        "id": "arn:aws:ecs:ap-northeast-1:803830764519:service/sample-service",
                        "attributes": {
                            "cluster": "arn:aws:ecs:ap-northeast-1:803830764519:cluster/sample-cluster",
                            "deployment_maximum_percent": "200",
                            "deployment_minimum_healthy_percent": "100",
                            "desired_count": "2",
                            "health_check_grace_period_seconds": "0",
                            "iam_role": "aws-service-role",
                            "id": "arn:aws:ecs:ap-northeast-1:803830764519:service/sample-service",
                            "launch_type": "EC2",
                            "load_balancer.#": "1",
                            "load_balancer.3526805082.container_name": "sample-task-ver1",
                            "load_balancer.3526805082.container_port": "8080",
                            "load_balancer.3526805082.elb_name": "",
                            "load_balancer.3526805082.target_group_arn": "arn:aws:elasticloadbalancing:ap-northeast-1:803830764519:targetgroup/sample-docker-tartget-group/2058c846ae4b9a3f",
                            "name": "sample-service",
                            "network_configuration.#": "0",
                            "ordered_placement_strategy.#": "0",
                            "placement_constraints.#": "0",
                            "service_registries.#": "0",
                            "task_definition": "sample-task:21"
                        },
                        "meta": {},
                        "tainted": false
                    },
                    "deposed": [],
                    "provider": "provider.aws"
                },
                "aws_ecs_task_definition.sample-task": {
                    "type": "aws_ecs_task_definition",
                    "depends_on": [],
                    "primary": {
                        "id": "sample-task",
                        "attributes": {
                            "arn": "arn:aws:ecs:ap-northeast-1:803830764519:task-definition/sample-task:21",
                            "container_definitions": "[{\"cpu\":0,\"environment\":[],\"essential\":true,\"image\":\"keisuke6065/demo:ver1.0\",\"memory\":512,\"mountPoints\":[],\"name\":\"sample-task-ver1\",\"portMappings\":[{\"containerPort\":8080,\"hostPort\":0,\"protocol\":\"tcp\"}],\"volumesFrom\":[]}]",
                            "cpu": "",
                            "execution_role_arn": "",
                            "family": "sample-task",
                            "id": "sample-task",
                            "memory": "",
                            "network_mode": "bridge",
                            "placement_constraints.#": "0",
                            "requires_compatibilities.#": "0",
                            "revision": "21",
                            "task_role_arn": "",
                            "volume.#": "0"
                        },
                        "meta": {
                            "schema_version": "1"
                        },
                        "tainted": false
                    },
                    "deposed": [],
                    "provider": "provider.aws"
                },
                "aws_instance.sample-docker-instance-a": {
                    "type": "aws_instance",
                    "depends_on": [
                        "aws_security_group.ecs-sevurity-group",
                        "aws_subnet.ecs-subnet-a"
                    ],
                    "primary": {
                        "id": "i-09ec8ab493f3e34d9",
                        "attributes": {
                            "ami": "ami-92df37ed",
                            "associate_public_ip_address": "true",
                            "availability_zone": "ap-northeast-1a",
                            "credit_specification.#": "1",
                            "credit_specification.0.cpu_credits": "standard",
                            "disable_api_termination": "false",
                            "ebs_block_device.#": "0",
                            "ebs_optimized": "false",
                            "ephemeral_block_device.#": "0",
                            "get_password_data": "false",
                            "iam_instance_profile": "ecsInstanceRole",
                            "id": "i-09ec8ab493f3e34d9",
                            "instance_state": "running",
                            "instance_type": "t2.micro",
                            "ipv6_addresses.#": "0",
                            "key_name": "docker-sample-key",
                            "monitoring": "false",
                            "network_interface.#": "0",
                            "network_interface_id": "eni-0eecc8b098e708564",
                            "password_data": "",
                            "placement_group": "",
                            "primary_network_interface_id": "eni-0eecc8b098e708564",
                            "private_dns": "ip-10-1-1-141.ap-northeast-1.compute.internal",
                            "private_ip": "10.1.1.141",
                            "public_dns": "",
                            "public_ip": "54.64.114.249",
                            "root_block_device.#": "1",
                            "root_block_device.0.delete_on_termination": "true",
                            "root_block_device.0.iops": "100",
                            "root_block_device.0.volume_id": "vol-0e6b0c999c9b89085",
                            "root_block_device.0.volume_size": "10",
                            "root_block_device.0.volume_type": "gp2",
                            "security_groups.#": "0",
                            "source_dest_check": "true",
                            "subnet_id": "subnet-090b430d7e367b374",
                            "tags.%": "1",
                            "tags.Name": "sample-ec2-a",
                            "tenancy": "default",
                            "user_data": "89a4e009447a1c36e0f1ef8e5f5581c87bfb8965",
                            "volume_tags.%": "0",
                            "vpc_security_group_ids.#": "1",
                            "vpc_security_group_ids.1216708507": "sg-0140a75f1d76f9f06"
                        },
                        "meta": {
                            "e2bfb730-ecaa-11e6-8f88-34363bc7c4c0": {
                                "create": 600000000000,
                                "delete": 1200000000000,
                                "update": 600000000000
                            },
                            "schema_version": "1"
                        },
                        "tainted": false
                    },
                    "deposed": [],
                    "provider": "provider.aws"
                },
                "aws_instance.sample-docker-instance-c": {
                    "type": "aws_instance",
                    "depends_on": [
                        "aws_security_group.ecs-sevurity-group",
                        "aws_subnet.ecs-subnet-c"
                    ],
                    "primary": {
                        "id": "i-0266c139ac84b6c2b",
                        "attributes": {
                            "ami": "ami-92df37ed",
                            "associate_public_ip_address": "true",
                            "availability_zone": "ap-northeast-1c",
                            "credit_specification.#": "1",
                            "credit_specification.0.cpu_credits": "standard",
                            "disable_api_termination": "false",
                            "ebs_block_device.#": "0",
                            "ebs_optimized": "false",
                            "ephemeral_block_device.#": "0",
                            "get_password_data": "false",
                            "iam_instance_profile": "ecsInstanceRole",
                            "id": "i-0266c139ac84b6c2b",
                            "instance_state": "running",
                            "instance_type": "t2.micro",
                            "ipv6_addresses.#": "0",
                            "key_name": "docker-sample-key",
                            "monitoring": "false",
                            "network_interface.#": "0",
                            "network_interface_id": "eni-0c956ce4e49fd7c2e",
                            "password_data": "",
                            "placement_group": "",
                            "primary_network_interface_id": "eni-0c956ce4e49fd7c2e",
                            "private_dns": "ip-10-1-2-136.ap-northeast-1.compute.internal",
                            "private_ip": "10.1.2.136",
                            "public_dns": "",
                            "public_ip": "54.199.218.157",
                            "root_block_device.#": "1",
                            "root_block_device.0.delete_on_termination": "true",
                            "root_block_device.0.iops": "100",
                            "root_block_device.0.volume_id": "vol-05a980985254fb081",
                            "root_block_device.0.volume_size": "8",
                            "root_block_device.0.volume_type": "gp2",
                            "security_groups.#": "0",
                            "source_dest_check": "true",
                            "subnet_id": "subnet-089713dce087590b8",
                            "tags.%": "1",
                            "tags.Name": "sample-ec2-c",
                            "tenancy": "default",
                            "volume_tags.%": "0",
                            "vpc_security_group_ids.#": "1",
                            "vpc_security_group_ids.1216708507": "sg-0140a75f1d76f9f06"
                        },
                        "meta": {
                            "e2bfb730-ecaa-11e6-8f88-34363bc7c4c0": {
                                "create": 600000000000,
                                "delete": 1200000000000,
                                "update": 600000000000
                            },
                            "schema_version": "1"
                        },
                        "tainted": false
                    },
                    "deposed": [],
                    "provider": "provider.aws"
                },
                "aws_internet_gateway.ecs-gw": {
                    "type": "aws_internet_gateway",
                    "depends_on": [
                        "aws_vpc.sample-ecs"
                    ],
                    "primary": {
                        "id": "igw-0cb60e1d60dc066c7",
                        "attributes": {
                            "id": "igw-0cb60e1d60dc066c7",
                            "tags.%": "0",
                            "vpc_id": "vpc-0859767abe6e31d9d"
                        },
                        "meta": {},
                        "tainted": false
                    },
                    "deposed": [],
                    "provider": "provider.aws"
                },
                "aws_route_table.ecs-route": {
                    "type": "aws_route_table",
                    "depends_on": [
                        "aws_internet_gateway.ecs-gw",
                        "aws_vpc.sample-ecs"
                    ],
                    "primary": {
                        "id": "rtb-008948a6973ef5856",
                        "attributes": {
                            "id": "rtb-008948a6973ef5856",
                            "propagating_vgws.#": "0",
                            "route.#": "1",
                            "route.3606653546.cidr_block": "0.0.0.0/0",
                            "route.3606653546.egress_only_gateway_id": "",
                            "route.3606653546.gateway_id": "igw-0cb60e1d60dc066c7",
                            "route.3606653546.instance_id": "",
                            "route.3606653546.ipv6_cidr_block": "",
                            "route.3606653546.nat_gateway_id": "",
                            "route.3606653546.network_interface_id": "",
                            "route.3606653546.vpc_peering_connection_id": "",
                            "tags.%": "0",
                            "vpc_id": "vpc-0859767abe6e31d9d"
                        },
                        "meta": {},
                        "tainted": false
                    },
                    "deposed": [],
                    "provider": "provider.aws"
                },
                "aws_route_table_association.a-route": {
                    "type": "aws_route_table_association",
                    "depends_on": [
                        "aws_route_table.ecs-route",
                        "aws_subnet.ecs-subnet-a"
                    ],
                    "primary": {
                        "id": "rtbassoc-0d0c0d334e8bb3be6",
                        "attributes": {
                            "id": "rtbassoc-0d0c0d334e8bb3be6",
                            "route_table_id": "rtb-008948a6973ef5856",
                            "subnet_id": "subnet-090b430d7e367b374"
                        },
                        "meta": {},
                        "tainted": false
                    },
                    "deposed": [],
                    "provider": "provider.aws"
                },
                "aws_route_table_association.c-route": {
                    "type": "aws_route_table_association",
                    "depends_on": [
                        "aws_route_table.ecs-route",
                        "aws_subnet.ecs-subnet-c"
                    ],
                    "primary": {
                        "id": "rtbassoc-0e696022efbe5caa3",
                        "attributes": {
                            "id": "rtbassoc-0e696022efbe5caa3",
                            "route_table_id": "rtb-008948a6973ef5856",
                            "subnet_id": "subnet-089713dce087590b8"
                        },
                        "meta": {},
                        "tainted": false
                    },
                    "deposed": [],
                    "provider": "provider.aws"
                },
                "aws_security_group.ecs-sevurity-group": {
                    "type": "aws_security_group",
                    "depends_on": [
                        "aws_vpc.sample-ecs"
                    ],
                    "primary": {
                        "id": "sg-0140a75f1d76f9f06",
                        "attributes": {
                            "arn": "arn:aws:ec2:ap-northeast-1:803830764519:security-group/sg-0140a75f1d76f9f06",
                            "description": "Managed by Terraform",
                            "egress.#": "1",
                            "egress.482069346.cidr_blocks.#": "1",
                            "egress.482069346.cidr_blocks.0": "0.0.0.0/0",
                            "egress.482069346.description": "",
                            "egress.482069346.from_port": "0",
                            "egress.482069346.ipv6_cidr_blocks.#": "0",
                            "egress.482069346.prefix_list_ids.#": "0",
                            "egress.482069346.protocol": "-1",
                            "egress.482069346.security_groups.#": "0",
                            "egress.482069346.self": "false",
                            "egress.482069346.to_port": "0",
                            "id": "sg-0140a75f1d76f9f06",
                            "ingress.#": "3",
                            "ingress.2214680975.cidr_blocks.#": "1",
                            "ingress.2214680975.cidr_blocks.0": "0.0.0.0/0",
                            "ingress.2214680975.description": "",
                            "ingress.2214680975.from_port": "80",
                            "ingress.2214680975.ipv6_cidr_blocks.#": "0",
                            "ingress.2214680975.protocol": "tcp",
                            "ingress.2214680975.security_groups.#": "0",
                            "ingress.2214680975.self": "false",
                            "ingress.2214680975.to_port": "80",
                            "ingress.2541437006.cidr_blocks.#": "1",
                            "ingress.2541437006.cidr_blocks.0": "0.0.0.0/0",
                            "ingress.2541437006.description": "",
                            "ingress.2541437006.from_port": "22",
                            "ingress.2541437006.ipv6_cidr_blocks.#": "0",
                            "ingress.2541437006.protocol": "tcp",
                            "ingress.2541437006.security_groups.#": "0",
                            "ingress.2541437006.self": "false",
                            "ingress.2541437006.to_port": "22",
                            "ingress.3544538468.cidr_blocks.#": "0",
                            "ingress.3544538468.description": "",
                            "ingress.3544538468.from_port": "0",
                            "ingress.3544538468.ipv6_cidr_blocks.#": "0",
                            "ingress.3544538468.protocol": "tcp",
                            "ingress.3544538468.security_groups.#": "0",
                            "ingress.3544538468.self": "true",
                            "ingress.3544538468.to_port": "65535",
                            "name": "ecs-sevurity-group",
                            "owner_id": "803830764519",
                            "revoke_rules_on_delete": "false",
                            "tags.%": "0",
                            "vpc_id": "vpc-0859767abe6e31d9d"
                        },
                        "meta": {
                            "e2bfb730-ecaa-11e6-8f88-34363bc7c4c0": {
                                "create": 600000000000,
                                "delete": 600000000000
                            },
                            "schema_version": "1"
                        },
                        "tainted": false
                    },
                    "deposed": [],
                    "provider": "provider.aws"
                },
                "aws_subnet.ecs-subnet-a": {
                    "type": "aws_subnet",
                    "depends_on": [
                        "aws_vpc.sample-ecs"
                    ],
                    "primary": {
                        "id": "subnet-090b430d7e367b374",
                        "attributes": {
                            "assign_ipv6_address_on_creation": "false",
                            "availability_zone": "ap-northeast-1a",
                            "cidr_block": "10.1.1.0/24",
                            "id": "subnet-090b430d7e367b374",
                            "map_public_ip_on_launch": "false",
                            "tags.%": "0",
                            "vpc_id": "vpc-0859767abe6e31d9d"
                        },
                        "meta": {
                            "schema_version": "1"
                        },
                        "tainted": false
                    },
                    "deposed": [],
                    "provider": "provider.aws"
                },
                "aws_subnet.ecs-subnet-c": {
                    "type": "aws_subnet",
                    "depends_on": [
                        "aws_vpc.sample-ecs"
                    ],
                    "primary": {
                        "id": "subnet-089713dce087590b8",
                        "attributes": {
                            "assign_ipv6_address_on_creation": "false",
                            "availability_zone": "ap-northeast-1c",
                            "cidr_block": "10.1.2.0/24",
                            "id": "subnet-089713dce087590b8",
                            "map_public_ip_on_launch": "false",
                            "tags.%": "0",
                            "vpc_id": "vpc-0859767abe6e31d9d"
                        },
                        "meta": {
                            "schema_version": "1"
                        },
                        "tainted": false
                    },
                    "deposed": [],
                    "provider": "provider.aws"
                },
                "aws_volume_attachment.ebs_att": {
                    "type": "aws_volume_attachment",
                    "depends_on": [
                        "aws_ebs_volume.jenkins_ebs",
                        "aws_instance.sample-docker-instance-a"
                    ],
                    "primary": {
                        "id": "vai-189336240",
                        "attributes": {
                            "device_name": "/dev/sdf",
                            "id": "vai-189336240",
                            "instance_id": "i-09ec8ab493f3e34d9",
                            "skip_destroy": "true",
                            "volume_id": "vol-053ae9e2e72dbfa5e"
                        },
                        "meta": {},
                        "tainted": false
                    },
                    "deposed": [],
                    "provider": "provider.aws"
                },
                "aws_vpc.sample-ecs": {
                    "type": "aws_vpc",
                    "depends_on": [],
                    "primary": {
                        "id": "vpc-0859767abe6e31d9d",
                        "attributes": {
                            "assign_generated_ipv6_cidr_block": "false",
                            "cidr_block": "10.1.0.0/16",
                            "default_network_acl_id": "acl-0c9b1bfb432dd3ba0",
                            "default_route_table_id": "rtb-0507fc21264bb3e18",
                            "default_security_group_id": "sg-0c9690743f6e7eb85",
                            "dhcp_options_id": "dopt-772c5d12",
                            "enable_classiclink": "false",
                            "enable_classiclink_dns_support": "false",
                            "enable_dns_hostnames": "false",
                            "enable_dns_support": "true",
                            "id": "vpc-0859767abe6e31d9d",
                            "instance_tenancy": "default",
                            "main_route_table_id": "rtb-0507fc21264bb3e18",
                            "tags.%": "1",
                            "tags.Name": "sample-ecs-vpc"
                        },
                        "meta": {
                            "schema_version": "1"
                        },
                        "tainted": false
                    },
                    "deposed": [],
                    "provider": "provider.aws"
                }
            },
            "depends_on": []
        }
    ]
}
